{
  "name": "hw-7",
  "version": "1.0.0",
  "lockfileVersion": 1,
  "requires": true,
  "dependencies": {
    "flake-idgen": {
      "version": "1.4.0",
      "resolved": "https://registry.npmjs.org/flake-idgen/-/flake-idgen-1.4.0.tgz",
      "integrity": "sha512-l+dtBcIAwAPqmtDelZAAw0NzKOBosiu/3hAFH69W3n1rH8wkKN1hUp6SaR1tmH/NmzaCUQs1BFKULKVhqGWdMw=="
    },
    "moment": {
      "version": "2.27.0",
      "resolved": "https://registry.npmjs.org/moment/-/moment-2.27.0.tgz",
      "integrity": "sha512-al0MUK7cpIcglMv3YF13qSgdAIqxHTO7brRtaz3DlSULbqfazqkc5kEjNrLDOM7fsjshoFIihnU8snrP7zUvhQ=="
    },
    "uid": {
      "version": "1.0.0",
      "resolved": "https://registry.npmjs.org/uid/-/uid-1.0.0.tgz",
      "integrity": "sha512-DYp36HDIRECMW0xmeyGSDSheURMbL7gy4DqINDUW5OSw7cot0pNRNvEtEji9nk1XVDZN/0lJ7myxacoTeU9oow=="
    },
    "uuid": {
      "version": "8.2.0",
      "resolved": "https://registry.npmjs.org/uuid/-/uuid-8.2.0.tgz",
      "integrity": "sha512-CYpGiFTUrmI6OBMkAdjSDM0k5h8SkkiTP4WAjQgDgNB1S3Ou9VBEvr6q0Kv2H1mMk7IWfxYGpMH5sd5AvcIV2Q=="
    },
    "validator": {
      "version": "13.7.0",
      "resolved": "https://registry.npmjs.org/validator/-/validator-13.7.0.tgz",
      "integrity": "sha512-nYXQLCBkpJ8X6ltALua9dRrZDHVYxjJ1wgskNt1lH9fzGjs3tgojGSCBjmEPwkWS1y29+DrizMTW19Pr9uB2nw=="
    }
  }
}
